
Microsoft Visual Studio Solution File, Format Version 12.00
# Visual Studio Version 17
VisualStudioVersion = 17.9.34616.47
MinimumVisualStudioVersion = 10.0.40219.1
Project("{FAE04EC0-301F-11D3-BF4B-00C04F79EFBC}") = "wpff_lab2_oop", "wpff_lab2_oop\wpff_lab2_oop.csproj", "{09E64CF2-DAA9-4D79-9065-FC45BC3F6166}"
EndProject
Global
	GlobalSection(SolutionConfigurationPlatforms) = preSolution
		Debug|Any CPU = Debug|Any CPU
		Release|Any CPU = Release|Any CPU
	EndGlobalSection
	GlobalSection(ProjectConfigurationPlatforms) = postSolution
		{09E64CF2-DAA9-4D79-9065-FC45BC3F6166}.Debug|Any CPU.ActiveCfg = Debug|Any CPU
		{09E64CF2-DAA9-4D79-9065-FC45BC3F6166}.Debug|Any CPU.Build.0 = Debug|Any CPU
		{09E64CF2-DAA9-4D79-9065-FC45BC3F6166}.Release|Any CPU.ActiveCfg = Release|Any CPU
		{09E64CF2-DAA9-4D79-9065-FC45BC3F6166}.Release|Any CPU.Build.0 = Release|Any CPU
	EndGlobalSection
	GlobalSection(SolutionProperties) = preSolution
		HideSolutionNode = FALSE
	EndGlobalSection
	GlobalSection(ExtensibilityGlobals) = postSolution
		SolutionGuid = {F93E503C-8BD6-42D8-948B-D4388CE8D447}
	EndGlobalSection
EndGlobal
